
Microsoft Visual Studio Solution File, Format Version 12.00
# Visual Studio Version 17
VisualStudioVersion = 17.7.34302.85
MinimumVisualStudioVersion = 10.0.40219.1
Project("{9A19103F-16F7-4668-BE54-9A1E7A4F7556}") = "ShoppingCart", "ShoppingCart\ShoppingCart.csproj", "{C5FD4647-CA87-4DE5-9077-8699C5FD0997}"
EndProject
Project("{FAE04EC0-301F-11D3-BF4B-00C04F79EFBC}") = "ShoppingCart_Utility", "ShoppingCart_Utility\ShoppingCart_Utility.csproj", "{1794E148-2B54-451F-B28A-D61C8607C1CC}"
EndProject
Global
	GlobalSection(SolutionConfigurationPlatforms) = preSolution
		Debug|Any CPU = Debug|Any CPU
		Release|Any CPU = Release|Any CPU
	EndGlobalSection
	GlobalSection(ProjectConfigurationPlatforms) = postSolution
		{C5FD4647-CA87-4DE5-9077-8699C5FD0997}.Debug|Any CPU.ActiveCfg = Debug|Any CPU
		{C5FD4647-CA87-4DE5-9077-8699C5FD0997}.Debug|Any CPU.Build.0 = Debug|Any CPU
		{C5FD4647-CA87-4DE5-9077-8699C5FD0997}.Release|Any CPU.ActiveCfg = Release|Any CPU
		{C5FD4647-CA87-4DE5-9077-8699C5FD0997}.Release|Any CPU.Build.0 = Release|Any CPU
		{1794E148-2B54-451F-B28A-D61C8607C1CC}.Debug|Any CPU.ActiveCfg = Debug|Any CPU
		{1794E148-2B54-451F-B28A-D61C8607C1CC}.Debug|Any CPU.Build.0 = Debug|Any CPU
		{1794E148-2B54-451F-B28A-D61C8607C1CC}.Release|Any CPU.ActiveCfg = Release|Any CPU
		{1794E148-2B54-451F-B28A-D61C8607C1CC}.Release|Any CPU.Build.0 = Release|Any CPU
	EndGlobalSection
	GlobalSection(SolutionProperties) = preSolution
		HideSolutionNode = FALSE
	EndGlobalSection
	GlobalSection(ExtensibilityGlobals) = postSolution
		SolutionGuid = {ADD24CAB-C24A-4C00-B53A-2330C0863DD6}
	EndGlobalSection
EndGlobal
